{"filter":false,"title":"package-lock.json","tooltip":"/Bookers2-main/package-lock.json","undoManager":{"mark":-1,"position":-1,"stack":[]},"ace":{"folds":[],"scrolltop":118523.5,"scrollleft":6,"selection":{"start":{"row":7907,"column":39},"end":{"row":7907,"column":39},"isBackwards":false},"options":{"guessTabSize":true,"useWrapMode":false,"wrapToView":true},"firstLineState":{"row":7900,"state":"start","mode":"ace/mode/json"}},"timestamp":1631169056508,"hash":"8e438edaaf123e5c7df90b95ae9fd20ea229ff41"}